
Microsoft Visual Studio Solution File, Format Version 12.00
# Visual Studio Version 17
VisualStudioVersion = 17.7.34221.43
MinimumVisualStudioVersion = 10.0.40219.1
Project("{9A19103F-16F7-4668-BE54-9A1E7A4F7556}") = "TIMER_APPLICATION", "TIMER_APPLICATION.csproj", "{783721FA-E7D3-4B7E-90B0-ADB8D4D88848}"
EndProject
Global
	GlobalSection(SolutionConfigurationPlatforms) = preSolution
		Debug|Any CPU = Debug|Any CPU
		Release|Any CPU = Release|Any CPU
	EndGlobalSection
	GlobalSection(ProjectConfigurationPlatforms) = postSolution
		{783721FA-E7D3-4B7E-90B0-ADB8D4D88848}.Debug|Any CPU.ActiveCfg = Debug|Any CPU
		{783721FA-E7D3-4B7E-90B0-ADB8D4D88848}.Debug|Any CPU.Build.0 = Debug|Any CPU
		{783721FA-E7D3-4B7E-90B0-ADB8D4D88848}.Release|Any CPU.ActiveCfg = Release|Any CPU
		{783721FA-E7D3-4B7E-90B0-ADB8D4D88848}.Release|Any CPU.Build.0 = Release|Any CPU
	EndGlobalSection
	GlobalSection(SolutionProperties) = preSolution
		HideSolutionNode = FALSE
	EndGlobalSection
	GlobalSection(ExtensibilityGlobals) = postSolution
		SolutionGuid = {1301B158-527F-40FA-9973-D403DB62928B}
	EndGlobalSection
EndGlobal
